// !$*UTF8*$!
{
	archiveVersion = 1;
	classes = {
	};
	objectVersion = 46;
	objects = {

/* Begin PBXBuildFile section */
		934B271719AEBB2300475186 /* Foundation.framework in Frameworks */ = {isa = PBXBuildFile; fileRef = 934B271619AEBB2300475186 /* Foundation.framework */; };
		934B271919AEBB2300475186 /* CoreGraphics.framework in Frameworks */ = {isa = PBXBuildFile; fileRef = 934B271819AEBB2300475186 /* CoreGraphics.framework */; };
		934B271B19AEBB2300475186 /* UIKit.framework in Frameworks */ = {isa = PBXBuildFile; fileRef = 934B271A19AEBB2300475186 /* UIKit.framework */; };
		934B272119AEBB2300475186 /* InfoPlist.strings in Resources */ = {isa = PBXBuildFile; fileRef = 934B271F19AEBB2300475186 /* InfoPlist.strings */; };
		934B272319AEBB2300475186 /* main.m in Sources */ = {isa = PBXBuildFile; fileRef = 934B272219AEBB2300475186 /* main.m */; };
		934B272719AEBB2300475186 /* PRAppDelegate.m in Sources */ = {isa = PBXBuildFile; fileRef = 934B272619AEBB2300475186 /* PRAppDelegate.m */; };
		934B272919AEBB2300475186 /* Images.xcassets in Resources */ = {isa = PBXBuildFile; fileRef = 934B272819AEBB2300475186 /* Images.xcassets */; };
		934B273019AEBB2300475186 /* XCTest.framework in Frameworks */ = {isa = PBXBuildFile; fileRef = 934B272F19AEBB2300475186 /* XCTest.framework */; };
		934B273119AEBB2300475186 /* Foundation.framework in Frameworks */ = {isa = PBXBuildFile; fileRef = 934B271619AEBB2300475186 /* Foundation.framework */; };
		934B273219AEBB2300475186 /* UIKit.framework in Frameworks */ = {isa = PBXBuildFile; fileRef = 934B271A19AEBB2300475186 /* UIKit.framework */; };
		934B273A19AEBB2300475186 /* InfoPlist.strings in Resources */ = {isa = PBXBuildFile; fileRef = 934B273819AEBB2300475186 /* InfoPlist.strings */; };
		934B273C19AEBB2300475186 /* PRRefreshControlDemoTests.m in Sources */ = {isa = PBXBuildFile; fileRef = 934B273B19AEBB2300475186 /* PRRefreshControlDemoTests.m */; };
		934B275F19AF17CA00475186 /* PRRefreshControl.m in Sources */ = {isa = PBXBuildFile; fileRef = 934B275E19AF17CA00475186 /* PRRefreshControl.m */; };
		934B276119AF17D400475186 /* PRRefreshControl.bundle in Resources */ = {isa = PBXBuildFile; fileRef = 934B276019AF17D400475186 /* PRRefreshControl.bundle */; };
		934B276719AF19E400475186 /* PRRootViewController.m in Sources */ = {isa = PBXBuildFile; fileRef = 934B276519AF19E400475186 /* PRRootViewController.m */; };
/* End PBXBuildFile section */

/* Begin PBXContainerItemProxy section */
		934B273319AEBB2300475186 /* PBXContainerItemProxy */ = {
			isa = PBXContainerItemProxy;
			containerPortal = 934B270B19AEBB2300475186 /* Project object */;
			proxyType = 1;
			remoteGlobalIDString = 934B271219AEBB2300475186;
			remoteInfo = PRRefreshControlDemo;
		};
/* End PBXContainerItemProxy section */

/* Begin PBXFileReference section */
		934B271319AEBB2300475186 /* PRRefreshControlDemo.app */ = {isa = PBXFileReference; explicitFileType = wrapper.application; includeInIndex = 0; path = PRRefreshControlDemo.app; sourceTree = BUILT_PRODUCTS_DIR; };
		934B271619AEBB2300475186 /* Foundation.framework */ = {isa = PBXFileReference; lastKnownFileType = wrapper.framework; name = Foundation.framework; path = System/Library/Frameworks/Foundation.framework; sourceTree = SDKROOT; };
		934B271819AEBB2300475186 /* CoreGraphics.framework */ = {isa = PBXFileReference; lastKnownFileType = wrapper.framework; name = CoreGraphics.framework; path = System/Library/Frameworks/CoreGraphics.framework; sourceTree = SDKROOT; };
		934B271A19AEBB2300475186 /* UIKit.framework */ = {isa = PBXFileReference; lastKnownFileType = wrapper.framework; name = UIKit.framework; path = System/Library/Frameworks/UIKit.framework; sourceTree = SDKROOT; };
		934B271E19AEBB2300475186 /* PRRefreshControlDemo-Info.plist */ = {isa = PBXFileReference; lastKnownFileType = text.plist.xml; path = "PRRefreshControlDemo-Info.plist"; sourceTree = "<group>"; };
		934B272019AEBB2300475186 /* en */ = {isa = PBXFileReference; lastKnownFileType = text.plist.strings; name = en; path = en.lproj/InfoPlist.strings; sourceTree = "<group>"; };
		934B272219AEBB2300475186 /* main.m */ = {isa = PBXFileReference; lastKnownFileType = sourcecode.c.objc; path = main.m; sourceTree = "<group>"; };
		934B272419AEBB2300475186 /* PRRefreshControlDemo-Prefix.pch */ = {isa = PBXFileReference; lastKnownFileType = sourcecode.c.h; path = "PRRefreshControlDemo-Prefix.pch"; sourceTree = "<group>"; };
		934B272519AEBB2300475186 /* PRAppDelegate.h */ = {isa = PBXFileReference; lastKnownFileType = sourcecode.c.h; path = PRAppDelegate.h; sourceTree = "<group>"; };
		934B272619AEBB2300475186 /* PRAppDelegate.m */ = {isa = PBXFileReference; lastKnownFileType = sourcecode.c.objc; path = PRAppDelegate.m; sourceTree = "<group>"; };
		934B272819AEBB2300475186 /* Images.xcassets */ = {isa = PBXFileReference; lastKnownFileType = folder.assetcatalog; path = Images.xcassets; sourceTree = "<group>"; };
		934B272E19AEBB2300475186 /* PRRefreshControlDemoTests.xctest */ = {isa = PBXFileReference; explicitFileType = wrapper.cfbundle; includeInIndex = 0; path = PRRefreshControlDemoTests.xctest; sourceTree = BUILT_PRODUCTS_DIR; };
		934B272F19AEBB2300475186 /* XCTest.framework */ = {isa = PBXFileReference; lastKnownFileType = wrapper.framework; name = XCTest.framework; path = Library/Frameworks/XCTest.framework; sourceTree = DEVELOPER_DIR; };
		934B273719AEBB2300475186 /* PRRefreshControlDemoTests-Info.plist */ = {isa = PBXFileReference; lastKnownFileType = text.plist.xml; path = "PRRefreshControlDemoTests-Info.plist"; sourceTree = "<group>"; };
		934B273919AEBB2300475186 /* en */ = {isa = PBXFileReference; lastKnownFileType = text.plist.strings; name = en; path = en.lproj/InfoPlist.strings; sourceTree = "<group>"; };
		934B273B19AEBB2300475186 /* PRRefreshControlDemoTests.m */ = {isa = PBXFileReference; lastKnownFileType = sourcecode.c.objc; path = PRRefreshControlDemoTests.m; sourceTree = "<group>"; };
		934B275D19AF17CA00475186 /* PRRefreshControl.h */ = {isa = PBXFileReference; fileEncoding = 4; lastKnownFileType = sourcecode.c.h; name = PRRefreshControl.h; path = Classes/PRRefreshControl.h; sourceTree = SOURCE_ROOT; };
		934B275E19AF17CA00475186 /* PRRefreshControl.m */ = {isa = PBXFileReference; fileEncoding = 4; lastKnownFileType = sourcecode.c.objc; name = PRRefreshControl.m; path = Classes/PRRefreshControl.m; sourceTree = SOURCE_ROOT; };
		934B276019AF17D400475186 /* PRRefreshControl.bundle */ = {isa = PBXFileReference; lastKnownFileType = "wrapper.plug-in"; name = PRRefreshControl.bundle; path = Resources/PRRefreshControl.bundle; sourceTree = SOURCE_ROOT; };
		934B276519AF19E400475186 /* PRRootViewController.m */ = {isa = PBXFileReference; fileEncoding = 4; lastKnownFileType = sourcecode.c.objc; path = PRRootViewController.m; sourceTree = "<group>"; };
		934B276619AF19E400475186 /* PRRootViewController.h */ = {isa = PBXFileReference; fileEncoding = 4; lastKnownFileType = sourcecode.c.h; path = PRRootViewController.h; sourceTree = "<group>"; };
/* End PBXFileReference section */

/* Begin PBXFrameworksBuildPhase section */
		934B271019AEBB2300475186 /* Frameworks */ = {
			isa = PBXFrameworksBuildPhase;
			buildActionMask = 2147483647;
			files = (
				934B271919AEBB2300475186 /* CoreGraphics.framework in Frameworks */,
				934B271B19AEBB2300475186 /* UIKit.framework in Frameworks */,
				934B271719AEBB2300475186 /* Foundation.framework in Frameworks */,
			);
			runOnlyForDeploymentPostprocessing = 0;
		};
		934B272B19AEBB2300475186 /* Frameworks */ = {
			isa = PBXFrameworksBuildPhase;
			buildActionMask = 2147483647;
			files = (
				934B273019AEBB2300475186 /* XCTest.framework in Frameworks */,
				934B273219AEBB2300475186 /* UIKit.framework in Frameworks */,
				934B273119AEBB2300475186 /* Foundation.framework in Frameworks */,
			);
			runOnlyForDeploymentPostprocessing = 0;
		};
/* End PBXFrameworksBuildPhase section */

/* Begin PBXGroup section */
		934B270A19AEBB2300475186 = {
			isa = PBXGroup;
			children = (
				934B271C19AEBB2300475186 /* PRRefreshControlDemo */,
				934B273519AEBB2300475186 /* PRRefreshControlDemoTests */,
				934B271519AEBB2300475186 /* Frameworks */,
				934B271419AEBB2300475186 /* Products */,
			);
			sourceTree = "<group>";
		};
		934B271419AEBB2300475186 /* Products */ = {
			isa = PBXGroup;
			children = (
				934B271319AEBB2300475186 /* PRRefreshControlDemo.app */,
				934B272E19AEBB2300475186 /* PRRefreshControlDemoTests.xctest */,
			);
			name = Products;
			sourceTree = "<group>";
		};
		934B271519AEBB2300475186 /* Frameworks */ = {
			isa = PBXGroup;
			children = (
				934B271619AEBB2300475186 /* Foundation.framework */,
				934B271819AEBB2300475186 /* CoreGraphics.framework */,
				934B271A19AEBB2300475186 /* UIKit.framework */,
				934B272F19AEBB2300475186 /* XCTest.framework */,
			);
			name = Frameworks;
			sourceTree = "<group>";
		};
		934B271C19AEBB2300475186 /* PRRefreshControlDemo */ = {
			isa = PBXGroup;
			children = (
				934B275419AF032E00475186 /* Classes */,
				934B275A19AF176100475186 /* Resources */,
				934B276519AF19E400475186 /* PRRootViewController.m */,
				934B276619AF19E400475186 /* PRRootViewController.h */,
				934B272519AEBB2300475186 /* PRAppDelegate.h */,
				934B272619AEBB2300475186 /* PRAppDelegate.m */,
				934B272819AEBB2300475186 /* Images.xcassets */,
				934B271D19AEBB2300475186 /* Supporting Files */,
			);
			path = PRRefreshControlDemo;
			sourceTree = "<group>";
		};
		934B271D19AEBB2300475186 /* Supporting Files */ = {
			isa = PBXGroup;
			children = (
				934B271E19AEBB2300475186 /* PRRefreshControlDemo-Info.plist */,
				934B271F19AEBB2300475186 /* InfoPlist.strings */,
				934B272219AEBB2300475186 /* main.m */,
				934B272419AEBB2300475186 /* PRRefreshControlDemo-Prefix.pch */,
			);
			name = "Supporting Files";
			sourceTree = "<group>";
		};
		934B273519AEBB2300475186 /* PRRefreshControlDemoTests */ = {
			isa = PBXGroup;
			children = (
				934B273B19AEBB2300475186 /* PRRefreshControlDemoTests.m */,
				934B273619AEBB2300475186 /* Supporting Files */,
			);
			path = PRRefreshControlDemoTests;
			sourceTree = "<group>";
		};
		934B273619AEBB2300475186 /* Supporting Files */ = {
			isa = PBXGroup;
			children = (
				934B273719AEBB2300475186 /* PRRefreshControlDemoTests-Info.plist */,
				934B273819AEBB2300475186 /* InfoPlist.strings */,
			);
			name = "Supporting Files";
			sourceTree = "<group>";
		};
		934B275419AF032E00475186 /* Classes */ = {
			isa = PBXGroup;
			children = (
				934B275D19AF17CA00475186 /* PRRefreshControl.h */,
				934B275E19AF17CA00475186 /* PRRefreshControl.m */,
			);
			name = Classes;
			sourceTree = "<group>";
		};
		934B275A19AF176100475186 /* Resources */ = {
			isa = PBXGroup;
			children = (
				934B276019AF17D400475186 /* PRRefreshControl.bundle */,
			);
			name = Resources;
			sourceTree = "<group>";
		};
/* End PBXGroup section */

/* Begin PBXNativeTarget section */
		934B271219AEBB2300475186 /* PRRefreshControlDemo */ = {
			isa = PBXNativeTarget;
			buildConfigurationList = 934B273F19AEBB2300475186 /* Build configuration list for PBXNativeTarget "PRRefreshControlDemo" */;
			buildPhases = (
				934B270F19AEBB2300475186 /* Sources */,
				934B271019AEBB2300475186 /* Frameworks */,
				934B271119AEBB2300475186 /* Resources */,
			);
			buildRules = (
			);
			dependencies = (
			);
			name = PRRefreshControlDemo;
			productName = PRRefreshControlDemo;
			productReference = 934B271319AEBB2300475186 /* PRRefreshControlDemo.app */;
			productType = "com.apple.product-type.application";
		};
		934B272D19AEBB2300475186 /* PRRefreshControlDemoTests */ = {
			isa = PBXNativeTarget;
			buildConfigurationList = 934B274219AEBB2300475186 /* Build configuration list for PBXNativeTarget "PRRefreshControlDemoTests" */;
			buildPhases = (
				934B272A19AEBB2300475186 /* Sources */,
				934B272B19AEBB2300475186 /* Frameworks */,
				934B272C19AEBB2300475186 /* Resources */,
			);
			buildRules = (
			);
			dependencies = (
				934B273419AEBB2300475186 /* PBXTargetDependency */,
			);
			name = PRRefreshControlDemoTests;
			productName = PRRefreshControlDemoTests;
			productReference = 934B272E19AEBB2300475186 /* PRRefreshControlDemoTests.xctest */;
			productType = "com.apple.product-type.bundle.unit-test";
		};
/* End PBXNativeTarget section */

/* Begin PBXProject section */
		934B270B19AEBB2300475186 /* Project object */ = {
			isa = PBXProject;
			attributes = {
				CLASSPREFIX = PR;
				LastUpgradeCheck = 0510;
				ORGANIZATIONNAME = "Project Rhinestone";
				TargetAttributes = {
					934B272D19AEBB2300475186 = {
						TestTargetID = 934B271219AEBB2300475186;
					};
				};
			};
			buildConfigurationList = 934B270E19AEBB2300475186 /* Build configuration list for PBXProject "PRRefreshControlDemo" */;
			compatibilityVersion = "Xcode 3.2";
			developmentRegion = English;
			hasScannedForEncodings = 0;
			knownRegions = (
				en,
			);
			mainGroup = 934B270A19AEBB2300475186;
			productRefGroup = 934B271419AEBB2300475186 /* Products */;
			projectDirPath = "";
			projectRoot = "";
			targets = (
				934B271219AEBB2300475186 /* PRRefreshControlDemo */,
				934B272D19AEBB2300475186 /* PRRefreshControlDemoTests */,
			);
		};
/* End PBXProject section */

/* Begin PBXResourcesBuildPhase section */
		934B271119AEBB2300475186 /* Resources */ = {
			isa = PBXResourcesBuildPhase;
			buildActionMask = 2147483647;
			files = (
				934B276119AF17D400475186 /* PRRefreshControl.bundle in Resources */,
				934B272119AEBB2300475186 /* InfoPlist.strings in Resources */,
				934B272919AEBB2300475186 /* Images.xcassets in Resources */,
			);
			runOnlyForDeploymentPostprocessing = 0;
		};
		934B272C19AEBB2300475186 /* Resources */ = {
			isa = PBXResourcesBuildPhase;
			buildActionMask = 2147483647;
			files = (
				934B273A19AEBB2300475186 /* InfoPlist.strings in Resources */,
			);
			runOnlyForDeploymentPostprocessing = 0;
		};
/* End PBXResourcesBuildPhase section */

/* Begin PBXSourcesBuildPhase section */
		934B270F19AEBB2300475186 /* Sources */ = {
			isa = PBXSourcesBuildPhase;
			buildActionMask = 2147483647;
			files = (
				934B272719AEBB2300475186 /* PRAppDelegate.m in Sources */,
				934B272319AEBB2300475186 /* main.m in Sources */,
				934B276719AF19E400475186 /* PRRootViewController.m in Sources */,
				934B275F19AF17CA00475186 /* PRRefreshControl.m in Sources */,
			);
			runOnlyForDeploymentPostprocessing = 0;
		};
		934B272A19AEBB2300475186 /* Sources */ = {
			isa = PBXSourcesBuildPhase;
			buildActionMask = 2147483647;
			files = (
				934B273C19AEBB2300475186 /* PRRefreshControlDemoTests.m in Sources */,
			);
			runOnlyForDeploymentPostprocessing = 0;
		};
/* End PBXSourcesBuildPhase section */

/* Begin PBXTargetDependency section */
		934B273419AEBB2300475186 /* PBXTargetDependency */ = {
			isa = PBXTargetDependency;
			target = 934B271219AEBB2300475186 /* PRRefreshControlDemo */;
			targetProxy = 934B273319AEBB2300475186 /* PBXContainerItemProxy */;
		};
/* End PBXTargetDependency section */

/* Begin PBXVariantGroup section */
		934B271F19AEBB2300475186 /* InfoPlist.strings */ = {
			isa = PBXVariantGroup;
			children = (
				934B272019AEBB2300475186 /* en */,
			);
			name = InfoPlist.strings;
			sourceTree = "<group>";
		};
		934B273819AEBB2300475186 /* InfoPlist.strings */ = {
			isa = PBXVariantGroup;
			children = (
				934B273919AEBB2300475186 /* en */,
			);
			name = InfoPlist.strings;
			sourceTree = "<group>";
		};
/* End PBXVariantGroup section */

/* Begin XCBuildConfiguration section */
		934B273D19AEBB2300475186 /* Debug */ = {
			isa = XCBuildConfiguration;
			buildSettings = {
				ALWAYS_SEARCH_USER_PATHS = NO;
				CLANG_CXX_LANGUAGE_STANDARD = "gnu++0x";
				CLANG_CXX_LIBRARY = "libc++";
				CLANG_ENABLE_MODULES = YES;
				CLANG_ENABLE_OBJC_ARC = YES;
				CLANG_WARN_BOOL_CONVERSION = YES;
				CLANG_WARN_CONSTANT_CONVERSION = YES;
				CLANG_WARN_DIRECT_OBJC_ISA_USAGE = YES_ERROR;
				CLANG_WARN_EMPTY_BODY = YES;
				CLANG_WARN_ENUM_CONVERSION = YES;
				CLANG_WARN_INT_CONVERSION = YES;
				CLANG_WARN_OBJC_ROOT_CLASS = YES_ERROR;
				CLANG_WARN__DUPLICATE_METHOD_MATCH = YES;
				"CODE_SIGN_IDENTITY[sdk=iphoneos*]" = "iPhone Developer";
				COPY_PHASE_STRIP = NO;
				GCC_C_LANGUAGE_STANDARD = gnu99;
				GCC_DYNAMIC_NO_PIC = NO;
				GCC_OPTIMIZATION_LEVEL = 0;
				GCC_PREPROCESSOR_DEFINITIONS = (
					"DEBUG=1",
					"$(inherited)",
				);
				GCC_SYMBOLS_PRIVATE_EXTERN = NO;
				GCC_WARN_64_TO_32_BIT_CONVERSION = YES;
				GCC_WARN_ABOUT_RETURN_TYPE = YES_ERROR;
				GCC_WARN_UNDECLARED_SELECTOR = YES;
				GCC_WARN_UNINITIALIZED_AUTOS = YES_AGGRESSIVE;
				GCC_WARN_UNUSED_FUNCTION = YES;
				GCC_WARN_UNUSED_VARIABLE = YES;
				IPHONEOS_DEPLOYMENT_TARGET = 7.1;
				ONLY_ACTIVE_ARCH = YES;
				SDKROOT = iphoneos;
				TARGETED_DEVICE_FAMILY = "1,2";
			};
			name = Debug;
		};
		934B273E19AEBB2300475186 /* Release */ = {
			isa = XCBuildConfiguration;
			buildSettings = {
				ALWAYS_SEARCH_USER_PATHS = NO;
				CLANG_CXX_LANGUAGE_STANDARD = "gnu++0x";
				CLANG_CXX_LIBRARY = "libc++";
				CLANG_ENABLE_MODULES = YES;
				CLANG_ENABLE_OBJC_ARC = YES;
				CLANG_WARN_BOOL_CONVERSION = YES;
				CLANG_WARN_CONSTANT_CONVERSION = YES;
				CLANG_WARN_DIRECT_OBJC_ISA_USAGE = YES_ERROR;
				CLANG_WARN_EMPTY_BODY = YES;
				CLANG_WARN_ENUM_CONVERSION = YES;
				CLANG_WARN_INT_CONVERSION = YES;
				CLANG_WARN_OBJC_ROOT_CLASS = YES_ERROR;
				CLANG_WARN__DUPLICATE_METHOD_MATCH = YES;
				"CODE_SIGN_IDENTITY[sdk=iphoneos*]" = "iPhone Developer";
				COPY_PHASE_STRIP = YES;
				ENABLE_NS_ASSERTIONS = NO;
				GCC_C_LANGUAGE_STANDARD = gnu99;
				GCC_WARN_64_TO_32_BIT_CONVERSION = YES;
				GCC_WARN_ABOUT_RETURN_TYPE = YES_ERROR;
				GCC_WARN_UNDECLARED_SELECTOR = YES;
				GCC_WARN_UNINITIALIZED_AUTOS = YES_AGGRESSIVE;
				GCC_WARN_UNUSED_FUNCTION = YES;
				GCC_WARN_UNUSED_VARIABLE = YES;
				IPHONEOS_DEPLOYMENT_TARGET = 7.1;
				SDKROOT = iphoneos;
				TARGETED_DEVICE_FAMILY = "1,2";
				VALIDATE_PRODUCT = YES;
			};
			name = Release;
		};
		934B274019AEBB2300475186 /* Debug */ = {
			isa = XCBuildConfiguration;
			buildSettings = {
				ASSETCATALOG_COMPILER_APPICON_NAME = AppIcon;
				ASSETCATALOG_COMPILER_LAUNCHIMAGE_NAME = LaunchImage;
				GCC_PRECOMPILE_PREFIX_HEADER = YES;
				GCC_PREFIX_HEADER = "PRRefreshControlDemo/PRRefreshControlDemo-Prefix.pch";
				INFOPLIST_FILE = "PRRefreshControlDemo/PRRefreshControlDemo-Info.plist";
				PRODUCT_NAME = "$(TARGET_NAME)";
				WRAPPER_EXTENSION = app;
			};
			name = Debug;
		};
		934B274119AEBB2300475186 /* Release */ = {
			isa = XCBuildConfiguration;
			buildSettings = {
				ASSETCATALOG_COMPILER_APPICON_NAME = AppIcon;
				ASSETCATALOG_COMPILER_LAUNCHIMAGE_NAME = LaunchImage;
				GCC_PRECOMPILE_PREFIX_HEADER = YES;
				GCC_PREFIX_HEADER = "PRRefreshControlDemo/PRRefreshControlDemo-Prefix.pch";
				INFOPLIST_FILE = "PRRefreshControlDemo/PRRefreshControlDemo-Info.plist";
				PRODUCT_NAME = "$(TARGET_NAME)";
				WRAPPER_EXTENSION = app;
			};
			name = Release;
		};
		934B274319AEBB2300475186 /* Debug */ = {
			isa = XCBuildConfiguration;
			buildSettings = {
				BUNDLE_LOADER = "$(BUILT_PRODUCTS_DIR)/PRRefreshControlDemo.app/PRRefreshControlDemo";
				FRAMEWORK_SEARCH_PATHS = (
					"$(SDKROOT)/Developer/Library/Frameworks",
					"$(inherited)",
					"$(DEVELOPER_FRAMEWORKS_DIR)",
				);
				GCC_PRECOMPILE_PREFIX_HEADER = YES;
				GCC_PREFIX_HEADER = "PRRefreshControlDemo/PRRefreshControlDemo-Prefix.pch";
				GCC_PREPROCESSOR_DEFINITIONS = (
					"DEBUG=1",
					"$(inherited)",
				);
				INFOPLIST_FILE = "PRRefreshControlDemoTests/PRRefreshControlDemoTests-Info.plist";
				PRODUCT_NAME = "$(TARGET_NAME)";
				TEST_HOST = "$(BUNDLE_LOADER)";
				WRAPPER_EXTENSION = xctest;
			};
			name = Debug;
		};
		934B274419AEBB2300475186 /* Release */ = {
			isa = XCBuildConfiguration;
			buildSettings = {
				BUNDLE_LOADER = "$(BUILT_PRODUCTS_DIR)/PRRefreshControlDemo.app/PRRefreshControlDemo";
				FRAMEWORK_SEARCH_PATHS = (
					"$(SDKROOT)/Developer/Library/Frameworks",
					"$(inherited)",
					"$(DEVELOPER_FRAMEWORKS_DIR)",
				);
				GCC_PRECOMPILE_PREFIX_HEADER = YES;
				GCC_PREFIX_HEADER = "PRRefreshControlDemo/PRRefreshControlDemo-Prefix.pch";
				INFOPLIST_FILE = "PRRefreshControlDemoTests/PRRefreshControlDemoTests-Info.plist";
				PRODUCT_NAME = "$(TARGET_NAME)";
				TEST_HOST = "$(BUNDLE_LOADER)";
				WRAPPER_EXTENSION = xctest;
			};
			name = Release;
		};
/* End XCBuildConfiguration section */

/* Begin XCConfigurationList section */
		934B270E19AEBB2300475186 /* Build configuration list for PBXProject "PRRefreshControlDemo" */ = {
			isa = XCConfigurationList;
			buildConfigurations = (
				934B273D19AEBB2300475186 /* Debug */,
				934B273E19AEBB2300475186 /* Release */,
			);
			defaultConfigurationIsVisible = 0;
			defaultConfigurationName = Release;
		};
		934B273F19AEBB2300475186 /* Build configuration list for PBXNativeTarget "PRRefreshControlDemo" */ = {
			isa = XCConfigurationList;
			buildConfigurations = (
				934B274019AEBB2300475186 /* Debug */,
				934B274119AEBB2300475186 /* Release */,
			);
			defaultConfigurationIsVisible = 0;
			defaultConfigurationName = Release;
		};
		934B274219AEBB2300475186 /* Build configuration list for PBXNativeTarget "PRRefreshControlDemoTests" */ = {
			isa = XCConfigurationList;
			buildConfigurations = (
				934B274319AEBB2300475186 /* Debug */,
				934B274419AEBB2300475186 /* Release */,
			);
			defaultConfigurationIsVisible = 0;
			defaultConfigurationName = Release;
		};
/* End XCConfigurationList section */
	};
	rootObject = 934B270B19AEBB2300475186 /* Project object */;
}
